github.com/davecgh/go-spew v1.1.0/go.mod h1:J7Y8YcW2NihsgmVo/mv3lAwl/skON4iLHjSsI+c5H38=
github.com/fatih/structtag v1.2.0 h1:/OdNE99OxoI/PqaW/SuSK9uxxT3f/tcSZgon/ssNSx4=
github.com/fatih/structtag v1.2.0/go.mod h1:mBJUNpUnHmRKrKlQQlmCrh5PuhftFbNv8Ys4/aAZl94=
github.com/pmezard/go-difflib v1.0.0/go.mod h1:iKH77koFhYxTK1pcRnkKkqfTogsbg7gZNVY4sRDYZ/4=
github.com/stretchr/objx v0.1.0/go.mod h1:HFkY916IF+rwdDfMAkV7OtwuqBVzrE8GR6GFx+wExME=
github.com/stretchr/testify v1.7.0/go.mod h1:6Fq8oRcR53rry900zMqJjRRixrwX3KX962/h/Wwjteg=
github.com/wirekang/prototag v0.0.0-20220225152654-f52a488ac348 h1:cz2Df1F9jbnOWgOhMAAokP+wW7grKZzd1L+A0uLSxGQ=
github.com/wirekang/prototag v0.0.0-20220225152654-f52a488ac348/go.mod h1:QJw0QYJT0hFAL+wGIPNuAKRxIOZsvTH/OpSrUioifYQ=
github.com/wirekang/prototag v0.0.0-20220225160157-53bab0ab7353 h1:VZTmE7868IFtju1RQ8sk6FK+UI4N17sysVNb0PSn168=
github.com/wirekang/prototag v0.0.0-20220225160157-53bab0ab7353/go.mod h1:QJw0QYJT0hFAL+wGIPNuAKRxIOZsvTH/OpSrUioifYQ=
github.com/wirekang/prototag v0.0.0-20220225160324-3c60ad8edd9a h1:noZOOzB20zIMcOKg0s20ShUHlnSbv0KJZw51tYxdt/g=
github.com/wirekang/prototag v0.0.0-20220225160324-3c60ad8edd9a/go.mod h1:QJw0QYJT0hFAL+wGIPNuAKRxIOZsvTH/OpSrUioifYQ=
github.com/yoheimuta/go-protoparser/v4 v4.5.4 h1:0/uEpkzBeSmC591cHIm+M7WIfHaP5FOyI4Y32Lef25I=
github.com/yoheimuta/go-protoparser/v4 v4.5.4/go.mod h1:AHNNnSWnb0UoL4QgHPiOAg2BniQceFscPI5X/BZNHl8=
gopkg.in/check.v1 v0.0.0-20161208181325-20d25e280405/go.mod h1:Co6ibVJAznAaIkqp8huTwlJQCZ016jof/cbN4VW5Yz0=
gopkg.in/yaml.v3 v3.0.0-20200313102051-9f266ea9e77c/go.mod h1:K4uyk7z7BCEPqu6E+C64Yfv1cQ7kz7rIZviUmN+EgEM=
